
Microsoft Visual Studio Solution File, Format Version 12.00
# Visual Studio Version 16
VisualStudioVersion = 16.0.31424.327
MinimumVisualStudioVersion = 10.0.40219.1
Project("{9A19103F-16F7-4668-BE54-9A1E7A4F7556}") = "SFFScrapWeb", "SFFScrapWeb.csproj", "{8C0F9F48-55E2-47B0-AC84-10A8F73DF5A6}"
EndProject
Project("{9A19103F-16F7-4668-BE54-9A1E7A4F7556}") = "TestApp", "..\..\..\Downloads\Compressed\ExcelDataReader-develop\ExcelDataReader-develop\src\TestApp\TestApp.csproj", "{22DE5B76-1032-4CE0-B42D-3929F3522D97}"
EndProject
Global
	GlobalSection(SolutionConfigurationPlatforms) = preSolution
		Debug|Any CPU = Debug|Any CPU
		Release|Any CPU = Release|Any CPU
	EndGlobalSection
	GlobalSection(ProjectConfigurationPlatforms) = postSolution
		{8C0F9F48-55E2-47B0-AC84-10A8F73DF5A6}.Debug|Any CPU.ActiveCfg = Debug|Any CPU
		{8C0F9F48-55E2-47B0-AC84-10A8F73DF5A6}.Debug|Any CPU.Build.0 = Debug|Any CPU
		{8C0F9F48-55E2-47B0-AC84-10A8F73DF5A6}.Release|Any CPU.ActiveCfg = Release|Any CPU
		{8C0F9F48-55E2-47B0-AC84-10A8F73DF5A6}.Release|Any CPU.Build.0 = Release|Any CPU
		{22DE5B76-1032-4CE0-B42D-3929F3522D97}.Debug|Any CPU.ActiveCfg = Debug|Any CPU
		{22DE5B76-1032-4CE0-B42D-3929F3522D97}.Debug|Any CPU.Build.0 = Debug|Any CPU
		{22DE5B76-1032-4CE0-B42D-3929F3522D97}.Release|Any CPU.ActiveCfg = Release|Any CPU
		{22DE5B76-1032-4CE0-B42D-3929F3522D97}.Release|Any CPU.Build.0 = Release|Any CPU
	EndGlobalSection
	GlobalSection(SolutionProperties) = preSolution
		HideSolutionNode = FALSE
	EndGlobalSection
	GlobalSection(ExtensibilityGlobals) = postSolution
		SolutionGuid = {5A1702D3-0ED4-497F-9F1D-524FFAA58D85}
	EndGlobalSection
EndGlobal
